
Microsoft Visual Studio Solution File, Format Version 12.00
# Visual Studio 15
VisualStudioVersion = 15.0.27004.2009
MinimumVisualStudioVersion = 10.0.40219.1
Project("{FAE04EC0-301F-11D3-BF4B-00C04F79EFBC}") = "automation", "automation\automation.csproj", "{9A34A901-0EFB-4C48-9939-D0EAD0A3F541}"
EndProject
Global
	GlobalSection(SolutionConfigurationPlatforms) = preSolution
		Debug|Any CPU = Debug|Any CPU
		Release|Any CPU = Release|Any CPU
	EndGlobalSection
	GlobalSection(ProjectConfigurationPlatforms) = postSolution
		{9A34A901-0EFB-4C48-9939-D0EAD0A3F541}.Debug|Any CPU.ActiveCfg = Debug|Any CPU
		{9A34A901-0EFB-4C48-9939-D0EAD0A3F541}.Debug|Any CPU.Build.0 = Debug|Any CPU
		{9A34A901-0EFB-4C48-9939-D0EAD0A3F541}.Release|Any CPU.ActiveCfg = Release|Any CPU
		{9A34A901-0EFB-4C48-9939-D0EAD0A3F541}.Release|Any CPU.Build.0 = Release|Any CPU
	EndGlobalSection
	GlobalSection(SolutionProperties) = preSolution
		HideSolutionNode = FALSE
	EndGlobalSection
	GlobalSection(ExtensibilityGlobals) = postSolution
		SolutionGuid = {DD8A9D30-1C77-4AFD-AEF6-B333DC492F9C}
	EndGlobalSection
EndGlobal
